{
  "version": 1,
  "dependencies": {
    "net6.0": {
      "Microsoft.Extensions.DependencyInjection.Abstractions": {
        "type": "Direct",
        "requested": "[6.0.0, )",
        "resolved": "6.0.0",
        "contentHash": "xlzi2IYREJH3/m6+lUrQlujzX8wDitm4QGnUu6kUXTQAWPuZY8i+ticFJbzfqaetLA6KR/rO6Ew/HuYD+bxifg=="
      },
      "CommunityToolkit.Mvvm": {
        "type": "Transitive",
        "resolved": "8.0.0",
        "contentHash": "Jiu2g5WUdXRwzhJkHB+B4JBKP5A5+fp8xKiW/ZQo5PI+DruI7MbPEcK9K/Aw0YzTiWRuG6CBluzYIWN5Eo7BkQ=="
      },
      "FluentValidation": {
        "type": "Transitive",
        "resolved": "11.2.2",
        "contentHash": "5QEte2BUZZF6Sezeekr7Zu1THfgpxU7pmuL2SjIrajuGMah+pxPGiRiLtw+x/tSUSSVmcv9LrUe41lKu4l0n4A=="
      },
      "dayzservertools.library": {
        "type": "Project",
        "dependencies": {
          "CommunityToolkit.Mvvm": "[8.0.0, )",
          "FluentValidation": "[11.2.2, )"
        }
      }
    }
  }
}