{
  "version": 1,
  "dependencies": {
    "net6.0": {
      "CommunityToolkit.Mvvm": {
        "type": "Direct",
        "requested": "[8.0.0, )",
        "resolved": "8.0.0",
        "contentHash": "Jiu2g5WUdXRwzhJkHB+B4JBKP5A5+fp8xKiW/ZQo5PI+DruI7MbPEcK9K/Aw0YzTiWRuG6CBluzYIWN5Eo7BkQ=="
      },
      "FluentValidation": {
        "type": "Direct",
        "requested": "[11.2.2, )",
        "resolved": "11.2.2",
        "contentHash": "5QEte2BUZZF6Sezeekr7Zu1THfgpxU7pmuL2SjIrajuGMah+pxPGiRiLtw+x/tSUSSVmcv9LrUe41lKu4l0n4A=="
      }
    }
  }
}